
Microsoft Visual Studio Solution File, Format Version 12.00
# Visual Studio 15
VisualStudioVersion = 15.0.27703.2000
MinimumVisualStudioVersion = 10.0.40219.1
Project("{FAE04EC0-301F-11D3-BF4B-00C04F79EFBC}") = "1- SingleResponsibilityPrinciple", "SingleResponsibilityPrinciple\1- SingleResponsibilityPrinciple.csproj", "{BFA50ECD-167E-4AB4-8A27-0E212CD14CFD}"
EndProject
Project("{FAE04EC0-301F-11D3-BF4B-00C04F79EFBC}") = "2-OpenClosedPrinciple", "2-OpenClosedPrinciple\2-OpenClosedPrinciple.csproj", "{B7DFF5A6-97A1-4B39-A57B-37EF645110DC}"
EndProject
Project("{FAE04EC0-301F-11D3-BF4B-00C04F79EFBC}") = "OpenClosedPrincipleLibrary", "OpenClosedPrincipleLibrary\OpenClosedPrincipleLibrary.csproj", "{5C12856F-20D8-408F-A96F-E5CE1291FAF8}"
EndProject
Project("{FAE04EC0-301F-11D3-BF4B-00C04F79EFBC}") = "3-LiskovSubstitutionPrinciple", "3-LiskovSubstitutionPrinciple\3-LiskovSubstitutionPrinciple.csproj", "{54831A53-4394-4710-ACB7-4E107FB29385}"
EndProject
Project("{9A19103F-16F7-4668-BE54-9A1E7A4F7556}") = "3-LiskovSubstitutionPrincipleLibrary", "3-LiskovSubstitutionPrincipleLibrary\3-LiskovSubstitutionPrincipleLibrary.csproj", "{B5288BC6-F6DD-44BB-889E-E6A286CA0849}"
EndProject
Project("{FAE04EC0-301F-11D3-BF4B-00C04F79EFBC}") = "3-LiskovSubstitutionPrincipleFIXED", "3-LiskovSubstitutionPrincipleFIXED\3-LiskovSubstitutionPrincipleFIXED.csproj", "{8EDA808D-CF84-4E8B-9020-69B3921FBC1A}"
EndProject
Project("{FAE04EC0-301F-11D3-BF4B-00C04F79EFBC}") = "3-LiskovSubstitutionPrincipleLibraryFIXED", "3-LiskovSubstitutionPrincipleLibraryFIXED\3-LiskovSubstitutionPrincipleLibraryFIXED.csproj", "{24B04CA2-EE39-4649-9D21-FAEDFBBB09B3}"
EndProject
Project("{FAE04EC0-301F-11D3-BF4B-00C04F79EFBC}") = "4-InterfaceSegragationPrinciple", "4-InterfaceSegragationPrinciple\4-InterfaceSegragationPrinciple.csproj", "{891AE2D5-2CBA-48DD-9997-9745BF090855}"
EndProject
Project("{FAE04EC0-301F-11D3-BF4B-00C04F79EFBC}") = "4-InterfaceSegregationPrincipleLibrary", "4-InterfaceSegregationPrincipleLibrary\4-InterfaceSegregationPrincipleLibrary.csproj", "{33E45420-3185-443B-8211-383F8AC098BE}"
EndProject
Project("{FAE04EC0-301F-11D3-BF4B-00C04F79EFBC}") = "4-InterfaceSegregationPrincipleLibraryFIXED", "4-InterfaceSegregationPrincipleLibraryFIXED\4-InterfaceSegregationPrincipleLibraryFIXED.csproj", "{566B6B91-0B14-4DF1-ABB5-CDE28996771D}"
EndProject
Project("{FAE04EC0-301F-11D3-BF4B-00C04F79EFBC}") = "4-InterfaceSegregationPrincipleFIXED", "4-InterfaceSegregationPrincipleFIXED\4-InterfaceSegregationPrincipleFIXED.csproj", "{CF34466F-A874-4E1D-9FB1-9EFA4B2A503C}"
EndProject
Project("{FAE04EC0-301F-11D3-BF4B-00C04F79EFBC}") = "2-OpenClosedPrincipleLibrary", "2-OpenClosedPrincipleLibrary\2-OpenClosedPrincipleLibrary.csproj", "{EEB2C90D-CAA6-4B7A-B712-8D755F48787F}"
EndProject
Global
	GlobalSection(SolutionConfigurationPlatforms) = preSolution
		Debug|Any CPU = Debug|Any CPU
		Release|Any CPU = Release|Any CPU
	EndGlobalSection
	GlobalSection(ProjectConfigurationPlatforms) = postSolution
		{BFA50ECD-167E-4AB4-8A27-0E212CD14CFD}.Debug|Any CPU.ActiveCfg = Debug|Any CPU
		{BFA50ECD-167E-4AB4-8A27-0E212CD14CFD}.Debug|Any CPU.Build.0 = Debug|Any CPU
		{BFA50ECD-167E-4AB4-8A27-0E212CD14CFD}.Release|Any CPU.ActiveCfg = Release|Any CPU
		{BFA50ECD-167E-4AB4-8A27-0E212CD14CFD}.Release|Any CPU.Build.0 = Release|Any CPU
		{B7DFF5A6-97A1-4B39-A57B-37EF645110DC}.Debug|Any CPU.ActiveCfg = Debug|Any CPU
		{B7DFF5A6-97A1-4B39-A57B-37EF645110DC}.Debug|Any CPU.Build.0 = Debug|Any CPU
		{B7DFF5A6-97A1-4B39-A57B-37EF645110DC}.Release|Any CPU.ActiveCfg = Release|Any CPU
		{B7DFF5A6-97A1-4B39-A57B-37EF645110DC}.Release|Any CPU.Build.0 = Release|Any CPU
		{5C12856F-20D8-408F-A96F-E5CE1291FAF8}.Debug|Any CPU.ActiveCfg = Debug|Any CPU
		{5C12856F-20D8-408F-A96F-E5CE1291FAF8}.Debug|Any CPU.Build.0 = Debug|Any CPU
		{5C12856F-20D8-408F-A96F-E5CE1291FAF8}.Release|Any CPU.ActiveCfg = Release|Any CPU
		{5C12856F-20D8-408F-A96F-E5CE1291FAF8}.Release|Any CPU.Build.0 = Release|Any CPU
		{54831A53-4394-4710-ACB7-4E107FB29385}.Debug|Any CPU.ActiveCfg = Debug|Any CPU
		{54831A53-4394-4710-ACB7-4E107FB29385}.Debug|Any CPU.Build.0 = Debug|Any CPU
		{54831A53-4394-4710-ACB7-4E107FB29385}.Release|Any CPU.ActiveCfg = Release|Any CPU
		{54831A53-4394-4710-ACB7-4E107FB29385}.Release|Any CPU.Build.0 = Release|Any CPU
		{B5288BC6-F6DD-44BB-889E-E6A286CA0849}.Debug|Any CPU.ActiveCfg = Debug|Any CPU
		{B5288BC6-F6DD-44BB-889E-E6A286CA0849}.Debug|Any CPU.Build.0 = Debug|Any CPU
		{B5288BC6-F6DD-44BB-889E-E6A286CA0849}.Release|Any CPU.ActiveCfg = Release|Any CPU
		{B5288BC6-F6DD-44BB-889E-E6A286CA0849}.Release|Any CPU.Build.0 = Release|Any CPU
		{8EDA808D-CF84-4E8B-9020-69B3921FBC1A}.Debug|Any CPU.ActiveCfg = Debug|Any CPU
		{8EDA808D-CF84-4E8B-9020-69B3921FBC1A}.Debug|Any CPU.Build.0 = Debug|Any CPU
		{8EDA808D-CF84-4E8B-9020-69B3921FBC1A}.Release|Any CPU.ActiveCfg = Release|Any CPU
		{8EDA808D-CF84-4E8B-9020-69B3921FBC1A}.Release|Any CPU.Build.0 = Release|Any CPU
		{24B04CA2-EE39-4649-9D21-FAEDFBBB09B3}.Debug|Any CPU.ActiveCfg = Debug|Any CPU
		{24B04CA2-EE39-4649-9D21-FAEDFBBB09B3}.Debug|Any CPU.Build.0 = Debug|Any CPU
		{24B04CA2-EE39-4649-9D21-FAEDFBBB09B3}.Release|Any CPU.ActiveCfg = Release|Any CPU
		{24B04CA2-EE39-4649-9D21-FAEDFBBB09B3}.Release|Any CPU.Build.0 = Release|Any CPU
		{891AE2D5-2CBA-48DD-9997-9745BF090855}.Debug|Any CPU.ActiveCfg = Debug|Any CPU
		{891AE2D5-2CBA-48DD-9997-9745BF090855}.Debug|Any CPU.Build.0 = Debug|Any CPU
		{891AE2D5-2CBA-48DD-9997-9745BF090855}.Release|Any CPU.ActiveCfg = Release|Any CPU
		{891AE2D5-2CBA-48DD-9997-9745BF090855}.Release|Any CPU.Build.0 = Release|Any CPU
		{33E45420-3185-443B-8211-383F8AC098BE}.Debug|Any CPU.ActiveCfg = Debug|Any CPU
		{33E45420-3185-443B-8211-383F8AC098BE}.Debug|Any CPU.Build.0 = Debug|Any CPU
		{33E45420-3185-443B-8211-383F8AC098BE}.Release|Any CPU.ActiveCfg = Release|Any CPU
		{33E45420-3185-443B-8211-383F8AC098BE}.Release|Any CPU.Build.0 = Release|Any CPU
		{566B6B91-0B14-4DF1-ABB5-CDE28996771D}.Debug|Any CPU.ActiveCfg = Debug|Any CPU
		{566B6B91-0B14-4DF1-ABB5-CDE28996771D}.Debug|Any CPU.Build.0 = Debug|Any CPU
		{566B6B91-0B14-4DF1-ABB5-CDE28996771D}.Release|Any CPU.ActiveCfg = Release|Any CPU
		{566B6B91-0B14-4DF1-ABB5-CDE28996771D}.Release|Any CPU.Build.0 = Release|Any CPU
		{CF34466F-A874-4E1D-9FB1-9EFA4B2A503C}.Debug|Any CPU.ActiveCfg = Debug|Any CPU
		{CF34466F-A874-4E1D-9FB1-9EFA4B2A503C}.Debug|Any CPU.Build.0 = Debug|Any CPU
		{CF34466F-A874-4E1D-9FB1-9EFA4B2A503C}.Release|Any CPU.ActiveCfg = Release|Any CPU
		{CF34466F-A874-4E1D-9FB1-9EFA4B2A503C}.Release|Any CPU.Build.0 = Release|Any CPU
		{EEB2C90D-CAA6-4B7A-B712-8D755F48787F}.Debug|Any CPU.ActiveCfg = Debug|Any CPU
		{EEB2C90D-CAA6-4B7A-B712-8D755F48787F}.Debug|Any CPU.Build.0 = Debug|Any CPU
		{EEB2C90D-CAA6-4B7A-B712-8D755F48787F}.Release|Any CPU.ActiveCfg = Release|Any CPU
		{EEB2C90D-CAA6-4B7A-B712-8D755F48787F}.Release|Any CPU.Build.0 = Release|Any CPU
	EndGlobalSection
	GlobalSection(SolutionProperties) = preSolution
		HideSolutionNode = FALSE
	EndGlobalSection
	GlobalSection(ExtensibilityGlobals) = postSolution
		SolutionGuid = {FC003624-1157-43C8-8D5B-AA81ACBBC963}
	EndGlobalSection
EndGlobal
